
Microsoft Visual Studio Solution File, Format Version 12.00
# Visual Studio Version 16
VisualStudioVersion = 16.0.30404.54
MinimumVisualStudioVersion = 10.0.40219.1
Project("{9A19103F-16F7-4668-BE54-9A1E7A4F7556}") = "YourTimesheet", "YourTimesheet\YourTimesheet.csproj", "{944C7876-AB92-478F-9010-06378D4AF551}"
EndProject
Project("{FAE04EC0-301F-11D3-BF4B-00C04F79EFBC}") = "YourTimesheet.UnitTests", "YourTimesheet.UnitTests\YourTimesheet.UnitTests.csproj", "{D2CA79CF-B996-4A5C-BF20-88EE448A4236}"
EndProject
Global
	GlobalSection(SolutionConfigurationPlatforms) = preSolution
		Debug|Any CPU = Debug|Any CPU
		Release|Any CPU = Release|Any CPU
	EndGlobalSection
	GlobalSection(ProjectConfigurationPlatforms) = postSolution
		{944C7876-AB92-478F-9010-06378D4AF551}.Debug|Any CPU.ActiveCfg = Debug|Any CPU
		{944C7876-AB92-478F-9010-06378D4AF551}.Debug|Any CPU.Build.0 = Debug|Any CPU
		{944C7876-AB92-478F-9010-06378D4AF551}.Release|Any CPU.ActiveCfg = Release|Any CPU
		{944C7876-AB92-478F-9010-06378D4AF551}.Release|Any CPU.Build.0 = Release|Any CPU
		{D2CA79CF-B996-4A5C-BF20-88EE448A4236}.Debug|Any CPU.ActiveCfg = Debug|Any CPU
		{D2CA79CF-B996-4A5C-BF20-88EE448A4236}.Debug|Any CPU.Build.0 = Debug|Any CPU
		{D2CA79CF-B996-4A5C-BF20-88EE448A4236}.Release|Any CPU.ActiveCfg = Release|Any CPU
		{D2CA79CF-B996-4A5C-BF20-88EE448A4236}.Release|Any CPU.Build.0 = Release|Any CPU
	EndGlobalSection
	GlobalSection(SolutionProperties) = preSolution
		HideSolutionNode = FALSE
	EndGlobalSection
	GlobalSection(ExtensibilityGlobals) = postSolution
		SolutionGuid = {61F006BE-18EC-4D4B-A037-AF3F9568315B}
	EndGlobalSection
EndGlobal
